// !$*UTF8*$!
{
	archiveVersion = 1;
	classes = {
	};
	objectVersion = 46;
	objects = {

/* Begin PBXBuildFile section */
		923C45561BBC3DF900AFBDD3 /* main.cpp in Sources */ = {isa = PBXBuildFile; fileRef = 923C45551BBC3DF900AFBDD3 /* main.cpp */; };
/* End PBXBuildFile section */

/* Begin PBXCopyFilesBuildPhase section */
		923C45501BBC3DF900AFBDD3 /* CopyFiles */ = {
			isa = PBXCopyFilesBuildPhase;
			buildActionMask = 2147483647;
			dstPath = /usr/share/man/man1/;
			dstSubfolderSpec = 0;
			files = (
			);
			runOnlyForDeploymentPostprocessing = 1;
		};
/* End PBXCopyFilesBuildPhase section */

/* Begin PBXFileReference section */
		923C45521BBC3DF900AFBDD3 /* Lab F Advanced */ = {isa = PBXFileReference; explicitFileType = "compiled.mach-o.executable"; includeInIndex = 0; path = "Lab F Advanced"; sourceTree = BUILT_PRODUCTS_DIR; };
		923C45551BBC3DF900AFBDD3 /* main.cpp */ = {isa = PBXFileReference; lastKnownFileType = sourcecode.cpp.cpp; path = main.cpp; sourceTree = "<group>"; };
/* End PBXFileReference section */

/* Begin PBXFrameworksBuildPhase section */
		923C454F1BBC3DF900AFBDD3 /* Frameworks */ = {
			isa = PBXFrameworksBuildPhase;
			buildActionMask = 2147483647;
			files = (
			);
			runOnlyForDeploymentPostprocessing = 0;
		};
/* End PBXFrameworksBuildPhase section */

/* Begin PBXGroup section */
		923C45491BBC3DF900AFBDD3 = {
			isa = PBXGroup;
			children = (
				923C45541BBC3DF900AFBDD3 /* Lab F Advanced */,
				923C45531BBC3DF900AFBDD3 /* Products */,
			);
			sourceTree = "<group>";
		};
		923C45531BBC3DF900AFBDD3 /* Products */ = {
			isa = PBXGroup;
			children = (
				923C45521BBC3DF900AFBDD3 /* Lab F Advanced */,
			);
			name = Products;
			sourceTree = "<group>";
		};
		923C45541BBC3DF900AFBDD3 /* Lab F Advanced */ = {
			isa = PBXGroup;
			children = (
				923C45551BBC3DF900AFBDD3 /* main.cpp */,
			);
			path = "Lab F Advanced";
			sourceTree = "<group>";
		};
/* End PBXGroup section */

/* Begin PBXNativeTarget section */
		923C45511BBC3DF900AFBDD3 /* Lab F Advanced */ = {
			isa = PBXNativeTarget;
			buildConfigurationList = 923C45591BBC3DF900AFBDD3 /* Build configuration list for PBXNativeTarget "Lab F Advanced" */;
			buildPhases = (
				923C454E1BBC3DF900AFBDD3 /* Sources */,
				923C454F1BBC3DF900AFBDD3 /* Frameworks */,
				923C45501BBC3DF900AFBDD3 /* CopyFiles */,
			);
			buildRules = (
			);
			dependencies = (
			);
			name = "Lab F Advanced";
			productName = "Lab F Advanced";
			productReference = 923C45521BBC3DF900AFBDD3 /* Lab F Advanced */;
			productType = "com.apple.product-type.tool";
		};
/* End PBXNativeTarget section */

/* Begin PBXProject section */
		923C454A1BBC3DF900AFBDD3 /* Project object */ = {
			isa = PBXProject;
			attributes = {
				LastUpgradeCheck = 0700;
				ORGANIZATIONNAME = "Anthony Stanfel ";
				TargetAttributes = {
					923C45511BBC3DF900AFBDD3 = {
						CreatedOnToolsVersion = 7.0;
					};
				};
			};
			buildConfigurationList = 923C454D1BBC3DF900AFBDD3 /* Build configuration list for PBXProject "Lab F Advanced" */;
			compatibilityVersion = "Xcode 3.2";
			developmentRegion = English;
			hasScannedForEncodings = 0;
			knownRegions = (
				en,
			);
			mainGroup = 923C45491BBC3DF900AFBDD3;
			productRefGroup = 923C45531BBC3DF900AFBDD3 /* Products */;
			projectDirPath = "";
			projectRoot = "";
			targets = (
				923C45511BBC3DF900AFBDD3 /* Lab F Advanced */,
			);
		};
/* End PBXProject section */

/* Begin PBXSourcesBuildPhase section */
		923C454E1BBC3DF900AFBDD3 /* Sources */ = {
			isa = PBXSourcesBuildPhase;
			buildActionMask = 2147483647;
			files = (
				923C45561BBC3DF900AFBDD3 /* main.cpp in Sources */,
			);
			runOnlyForDeploymentPostprocessing = 0;
		};
/* End PBXSourcesBuildPhase section */

/* Begin XCBuildConfiguration section */
		923C45571BBC3DF900AFBDD3 /* Debug */ = {
			isa = XCBuildConfiguration;
			buildSettings = {
				ALWAYS_SEARCH_USER_PATHS = NO;
				CLANG_CXX_LANGUAGE_STANDARD = "gnu++0x";
				CLANG_CXX_LIBRARY = "libc++";
				CLANG_ENABLE_MODULES = YES;
				CLANG_ENABLE_OBJC_ARC = YES;
				CLANG_WARN_BOOL_CONVERSION = YES;
				CLANG_WARN_CONSTANT_CONVERSION = YES;
				CLANG_WARN_DIRECT_OBJC_ISA_USAGE = YES_ERROR;
				CLANG_WARN_EMPTY_BODY = YES;
				CLANG_WARN_ENUM_CONVERSION = YES;
				CLANG_WARN_INT_CONVERSION = YES;
				CLANG_WARN_OBJC_ROOT_CLASS = YES_ERROR;
				CLANG_WARN_UNREACHABLE_CODE = YES;
				CLANG_WARN__DUPLICATE_METHOD_MATCH = YES;
				COPY_PHASE_STRIP = NO;
				DEBUG_INFORMATION_FORMAT = dwarf;
				ENABLE_STRICT_OBJC_MSGSEND = YES;
				ENABLE_TESTABILITY = YES;
				GCC_C_LANGUAGE_STANDARD = gnu99;
				GCC_DYNAMIC_NO_PIC = NO;
				GCC_NO_COMMON_BLOCKS = YES;
				GCC_OPTIMIZATION_LEVEL = 0;
				GCC_PREPROCESSOR_DEFINITIONS = (
					"DEBUG=1",
					"$(inherited)",
				);
				GCC_WARN_64_TO_32_BIT_CONVERSION = YES;
				GCC_WARN_ABOUT_RETURN_TYPE = YES_ERROR;
				GCC_WARN_UNDECLARED_SELECTOR = YES;
				GCC_WARN_UNINITIALIZED_AUTOS = YES_AGGRESSIVE;
				GCC_WARN_UNUSED_FUNCTION = YES;
				GCC_WARN_UNUSED_VARIABLE = YES;
				MACOSX_DEPLOYMENT_TARGET = 10.10;
				MTL_ENABLE_DEBUG_INFO = YES;
				ONLY_ACTIVE_ARCH = YES;
				SDKROOT = macosx;
			};
			name = Debug;
		};
		923C45581BBC3DF900AFBDD3 /* Release */ = {
			isa = XCBuildConfiguration;
			buildSettings = {
				ALWAYS_SEARCH_USER_PATHS = NO;
				CLANG_CXX_LANGUAGE_STANDARD = "gnu++0x";
				CLANG_CXX_LIBRARY = "libc++";
				CLANG_ENABLE_MODULES = YES;
				CLANG_ENABLE_OBJC_ARC = YES;
				CLANG_WARN_BOOL_CONVERSION = YES;
				CLANG_WARN_CONSTANT_CONVERSION = YES;
				CLANG_WARN_DIRECT_OBJC_ISA_USAGE = YES_ERROR;
				CLANG_WARN_EMPTY_BODY = YES;
				CLANG_WARN_ENUM_CONVERSION = YES;
				CLANG_WARN_INT_CONVERSION = YES;
				CLANG_WARN_OBJC_ROOT_CLASS = YES_ERROR;
				CLANG_WARN_UNREACHABLE_CODE = YES;
				CLANG_WARN__DUPLICATE_METHOD_MATCH = YES;
				COPY_PHASE_STRIP = NO;
				DEBUG_INFORMATION_FORMAT = "dwarf-with-dsym";
				ENABLE_NS_ASSERTIONS = NO;
				ENABLE_STRICT_OBJC_MSGSEND = YES;
				GCC_C_LANGUAGE_STANDARD = gnu99;
				GCC_NO_COMMON_BLOCKS = YES;
				GCC_WARN_64_TO_32_BIT_CONVERSION = YES;
				GCC_WARN_ABOUT_RETURN_TYPE = YES_ERROR;
				GCC_WARN_UNDECLARED_SELECTOR = YES;
				GCC_WARN_UNINITIALIZED_AUTOS = YES_AGGRESSIVE;
				GCC_WARN_UNUSED_FUNCTION = YES;
				GCC_WARN_UNUSED_VARIABLE = YES;
				MACOSX_DEPLOYMENT_TARGET = 10.10;
				MTL_ENABLE_DEBUG_INFO = NO;
				SDKROOT = macosx;
			};
			name = Release;
		};
		923C455A1BBC3DF900AFBDD3 /* Debug */ = {
			isa = XCBuildConfiguration;
			buildSettings = {
				PRODUCT_NAME = "$(TARGET_NAME)";
			};
			name = Debug;
		};
		923C455B1BBC3DF900AFBDD3 /* Release */ = {
			isa = XCBuildConfiguration;
			buildSettings = {
				PRODUCT_NAME = "$(TARGET_NAME)";
			};
			name = Release;
		};
/* End XCBuildConfiguration section */

/* Begin XCConfigurationList section */
		923C454D1BBC3DF900AFBDD3 /* Build configuration list for PBXProject "Lab F Advanced" */ = {
			isa = XCConfigurationList;
			buildConfigurations = (
				923C45571BBC3DF900AFBDD3 /* Debug */,
				923C45581BBC3DF900AFBDD3 /* Release */,
			);
			defaultConfigurationIsVisible = 0;
			defaultConfigurationName = Release;
		};
		923C45591BBC3DF900AFBDD3 /* Build configuration list for PBXNativeTarget "Lab F Advanced" */ = {
			isa = XCConfigurationList;
			buildConfigurations = (
				923C455A1BBC3DF900AFBDD3 /* Debug */,
				923C455B1BBC3DF900AFBDD3 /* Release */,
			);
			defaultConfigurationIsVisible = 0;
		};
/* End XCConfigurationList section */
	};
	rootObject = 923C454A1BBC3DF900AFBDD3 /* Project object */;
}
