// !$*UTF8*$!
{
	archiveVersion = 1;
	classes = {
	};
	objectVersion = 46;
	objects = {

/* Begin PBXBuildFile section */
		92A3ADC71BC59E3D008B9076 /* Lab7_main.cpp in Sources */ = {isa = PBXBuildFile; fileRef = 92A3ADC61BC59E3D008B9076 /* Lab7_main.cpp */; };
		92A3ADCE1BC59E4C008B9076 /* Lab7_driver.cpp in Sources */ = {isa = PBXBuildFile; fileRef = 92A3ADCD1BC59E4C008B9076 /* Lab7_driver.cpp */; settings = {ASSET_TAGS = (); }; };
/* End PBXBuildFile section */

/* Begin PBXCopyFilesBuildPhase section */
		92A3ADC11BC59E3D008B9076 /* CopyFiles */ = {
			isa = PBXCopyFilesBuildPhase;
			buildActionMask = 2147483647;
			dstPath = /usr/share/man/man1/;
			dstSubfolderSpec = 0;
			files = (
			);
			runOnlyForDeploymentPostprocessing = 1;
		};
/* End PBXCopyFilesBuildPhase section */

/* Begin PBXFileReference section */
		92A3ADC31BC59E3D008B9076 /* Lab7advPtr */ = {isa = PBXFileReference; explicitFileType = "compiled.mach-o.executable"; includeInIndex = 0; path = Lab7advPtr; sourceTree = BUILT_PRODUCTS_DIR; };
		92A3ADC61BC59E3D008B9076 /* Lab7_main.cpp */ = {isa = PBXFileReference; lastKnownFileType = sourcecode.cpp.cpp; path = Lab7_main.cpp; sourceTree = "<group>"; };
		92A3ADCD1BC59E4C008B9076 /* Lab7_driver.cpp */ = {isa = PBXFileReference; fileEncoding = 4; lastKnownFileType = sourcecode.cpp.cpp; path = Lab7_driver.cpp; sourceTree = "<group>"; };
		92A3ADCF1BC59E56008B9076 /* Lab7.h */ = {isa = PBXFileReference; lastKnownFileType = sourcecode.c.h; path = Lab7.h; sourceTree = "<group>"; };
/* End PBXFileReference section */

/* Begin PBXFrameworksBuildPhase section */
		92A3ADC01BC59E3D008B9076 /* Frameworks */ = {
			isa = PBXFrameworksBuildPhase;
			buildActionMask = 2147483647;
			files = (
			);
			runOnlyForDeploymentPostprocessing = 0;
		};
/* End PBXFrameworksBuildPhase section */

/* Begin PBXGroup section */
		92A3ADBA1BC59E3D008B9076 = {
			isa = PBXGroup;
			children = (
				92A3ADC51BC59E3D008B9076 /* Lab7advPtr */,
				92A3ADC41BC59E3D008B9076 /* Products */,
			);
			sourceTree = "<group>";
		};
		92A3ADC41BC59E3D008B9076 /* Products */ = {
			isa = PBXGroup;
			children = (
				92A3ADC31BC59E3D008B9076 /* Lab7advPtr */,
			);
			name = Products;
			sourceTree = "<group>";
		};
		92A3ADC51BC59E3D008B9076 /* Lab7advPtr */ = {
			isa = PBXGroup;
			children = (
				92A3ADC61BC59E3D008B9076 /* Lab7_main.cpp */,
				92A3ADCD1BC59E4C008B9076 /* Lab7_driver.cpp */,
				92A3ADCF1BC59E56008B9076 /* Lab7.h */,
			);
			path = Lab7advPtr;
			sourceTree = "<group>";
		};
/* End PBXGroup section */

/* Begin PBXNativeTarget section */
		92A3ADC21BC59E3D008B9076 /* Lab7advPtr */ = {
			isa = PBXNativeTarget;
			buildConfigurationList = 92A3ADCA1BC59E3D008B9076 /* Build configuration list for PBXNativeTarget "Lab7advPtr" */;
			buildPhases = (
				92A3ADBF1BC59E3D008B9076 /* Sources */,
				92A3ADC01BC59E3D008B9076 /* Frameworks */,
				92A3ADC11BC59E3D008B9076 /* CopyFiles */,
			);
			buildRules = (
			);
			dependencies = (
			);
			name = Lab7advPtr;
			productName = Lab7advPtr;
			productReference = 92A3ADC31BC59E3D008B9076 /* Lab7advPtr */;
			productType = "com.apple.product-type.tool";
		};
/* End PBXNativeTarget section */

/* Begin PBXProject section */
		92A3ADBB1BC59E3D008B9076 /* Project object */ = {
			isa = PBXProject;
			attributes = {
				LastUpgradeCheck = 0700;
				ORGANIZATIONNAME = "Anthony Stanfel ";
				TargetAttributes = {
					92A3ADC21BC59E3D008B9076 = {
						CreatedOnToolsVersion = 7.0.1;
					};
				};
			};
			buildConfigurationList = 92A3ADBE1BC59E3D008B9076 /* Build configuration list for PBXProject "Lab7advPtr" */;
			compatibilityVersion = "Xcode 3.2";
			developmentRegion = English;
			hasScannedForEncodings = 0;
			knownRegions = (
				en,
			);
			mainGroup = 92A3ADBA1BC59E3D008B9076;
			productRefGroup = 92A3ADC41BC59E3D008B9076 /* Products */;
			projectDirPath = "";
			projectRoot = "";
			targets = (
				92A3ADC21BC59E3D008B9076 /* Lab7advPtr */,
			);
		};
/* End PBXProject section */

/* Begin PBXSourcesBuildPhase section */
		92A3ADBF1BC59E3D008B9076 /* Sources */ = {
			isa = PBXSourcesBuildPhase;
			buildActionMask = 2147483647;
			files = (
				92A3ADC71BC59E3D008B9076 /* Lab7_main.cpp in Sources */,
				92A3ADCE1BC59E4C008B9076 /* Lab7_driver.cpp in Sources */,
			);
			runOnlyForDeploymentPostprocessing = 0;
		};
/* End PBXSourcesBuildPhase section */

/* Begin XCBuildConfiguration section */
		92A3ADC81BC59E3D008B9076 /* Debug */ = {
			isa = XCBuildConfiguration;
			buildSettings = {
				ALWAYS_SEARCH_USER_PATHS = NO;
				CLANG_CXX_LANGUAGE_STANDARD = "gnu++0x";
				CLANG_CXX_LIBRARY = "libc++";
				CLANG_ENABLE_MODULES = YES;
				CLANG_ENABLE_OBJC_ARC = YES;
				CLANG_WARN_BOOL_CONVERSION = YES;
				CLANG_WARN_CONSTANT_CONVERSION = YES;
				CLANG_WARN_DIRECT_OBJC_ISA_USAGE = YES_ERROR;
				CLANG_WARN_EMPTY_BODY = YES;
				CLANG_WARN_ENUM_CONVERSION = YES;
				CLANG_WARN_INT_CONVERSION = YES;
				CLANG_WARN_OBJC_ROOT_CLASS = YES_ERROR;
				CLANG_WARN_UNREACHABLE_CODE = YES;
				CLANG_WARN__DUPLICATE_METHOD_MATCH = YES;
				COPY_PHASE_STRIP = NO;
				DEBUG_INFORMATION_FORMAT = dwarf;
				ENABLE_STRICT_OBJC_MSGSEND = YES;
				ENABLE_TESTABILITY = YES;
				GCC_C_LANGUAGE_STANDARD = gnu99;
				GCC_DYNAMIC_NO_PIC = NO;
				GCC_NO_COMMON_BLOCKS = YES;
				GCC_OPTIMIZATION_LEVEL = 0;
				GCC_PREPROCESSOR_DEFINITIONS = (
					"DEBUG=1",
					"$(inherited)",
				);
				GCC_WARN_64_TO_32_BIT_CONVERSION = YES;
				GCC_WARN_ABOUT_RETURN_TYPE = YES_ERROR;
				GCC_WARN_UNDECLARED_SELECTOR = YES;
				GCC_WARN_UNINITIALIZED_AUTOS = YES_AGGRESSIVE;
				GCC_WARN_UNUSED_FUNCTION = YES;
				GCC_WARN_UNUSED_VARIABLE = YES;
				MACOSX_DEPLOYMENT_TARGET = 10.11;
				MTL_ENABLE_DEBUG_INFO = YES;
				ONLY_ACTIVE_ARCH = YES;
				SDKROOT = macosx;
			};
			name = Debug;
		};
		92A3ADC91BC59E3D008B9076 /* Release */ = {
			isa = XCBuildConfiguration;
			buildSettings = {
				ALWAYS_SEARCH_USER_PATHS = NO;
				CLANG_CXX_LANGUAGE_STANDARD = "gnu++0x";
				CLANG_CXX_LIBRARY = "libc++";
				CLANG_ENABLE_MODULES = YES;
				CLANG_ENABLE_OBJC_ARC = YES;
				CLANG_WARN_BOOL_CONVERSION = YES;
				CLANG_WARN_CONSTANT_CONVERSION = YES;
				CLANG_WARN_DIRECT_OBJC_ISA_USAGE = YES_ERROR;
				CLANG_WARN_EMPTY_BODY = YES;
				CLANG_WARN_ENUM_CONVERSION = YES;
				CLANG_WARN_INT_CONVERSION = YES;
				CLANG_WARN_OBJC_ROOT_CLASS = YES_ERROR;
				CLANG_WARN_UNREACHABLE_CODE = YES;
				CLANG_WARN__DUPLICATE_METHOD_MATCH = YES;
				COPY_PHASE_STRIP = NO;
				DEBUG_INFORMATION_FORMAT = "dwarf-with-dsym";
				ENABLE_NS_ASSERTIONS = NO;
				ENABLE_STRICT_OBJC_MSGSEND = YES;
				GCC_C_LANGUAGE_STANDARD = gnu99;
				GCC_NO_COMMON_BLOCKS = YES;
				GCC_WARN_64_TO_32_BIT_CONVERSION = YES;
				GCC_WARN_ABOUT_RETURN_TYPE = YES_ERROR;
				GCC_WARN_UNDECLARED_SELECTOR = YES;
				GCC_WARN_UNINITIALIZED_AUTOS = YES_AGGRESSIVE;
				GCC_WARN_UNUSED_FUNCTION = YES;
				GCC_WARN_UNUSED_VARIABLE = YES;
				MACOSX_DEPLOYMENT_TARGET = 10.11;
				MTL_ENABLE_DEBUG_INFO = NO;
				SDKROOT = macosx;
			};
			name = Release;
		};
		92A3ADCB1BC59E3D008B9076 /* Debug */ = {
			isa = XCBuildConfiguration;
			buildSettings = {
				PRODUCT_NAME = "$(TARGET_NAME)";
			};
			name = Debug;
		};
		92A3ADCC1BC59E3D008B9076 /* Release */ = {
			isa = XCBuildConfiguration;
			buildSettings = {
				PRODUCT_NAME = "$(TARGET_NAME)";
			};
			name = Release;
		};
/* End XCBuildConfiguration section */

/* Begin XCConfigurationList section */
		92A3ADBE1BC59E3D008B9076 /* Build configuration list for PBXProject "Lab7advPtr" */ = {
			isa = XCConfigurationList;
			buildConfigurations = (
				92A3ADC81BC59E3D008B9076 /* Debug */,
				92A3ADC91BC59E3D008B9076 /* Release */,
			);
			defaultConfigurationIsVisible = 0;
			defaultConfigurationName = Release;
		};
		92A3ADCA1BC59E3D008B9076 /* Build configuration list for PBXNativeTarget "Lab7advPtr" */ = {
			isa = XCConfigurationList;
			buildConfigurations = (
				92A3ADCB1BC59E3D008B9076 /* Debug */,
				92A3ADCC1BC59E3D008B9076 /* Release */,
			);
			defaultConfigurationIsVisible = 0;
		};
/* End XCConfigurationList section */
	};
	rootObject = 92A3ADBB1BC59E3D008B9076 /* Project object */;
}
