// !$*UTF8*$!
{
	archiveVersion = 1;
	classes = {
	};
	objectVersion = 46;
	objects = {

/* Begin PBXBuildFile section */
		924DA2FF1BA78CCF00893A9C /* Lab6_main.cpp in Sources */ = {isa = PBXBuildFile; fileRef = 924DA2FE1BA78CCF00893A9C /* Lab6_main.cpp */; };
		924DA3061BA78CE300893A9C /* Lab6_driver.cpp in Sources */ = {isa = PBXBuildFile; fileRef = 924DA3051BA78CE300893A9C /* Lab6_driver.cpp */; };
/* End PBXBuildFile section */

/* Begin PBXCopyFilesBuildPhase section */
		924DA2F91BA78CCF00893A9C /* CopyFiles */ = {
			isa = PBXCopyFilesBuildPhase;
			buildActionMask = 2147483647;
			dstPath = /usr/share/man/man1/;
			dstSubfolderSpec = 0;
			files = (
			);
			runOnlyForDeploymentPostprocessing = 1;
		};
/* End PBXCopyFilesBuildPhase section */

/* Begin PBXFileReference section */
		924DA2FB1BA78CCF00893A9C /* Lab 6 Pointers */ = {isa = PBXFileReference; explicitFileType = "compiled.mach-o.executable"; includeInIndex = 0; path = "Lab 6 Pointers"; sourceTree = BUILT_PRODUCTS_DIR; };
		924DA2FE1BA78CCF00893A9C /* Lab6_main.cpp */ = {isa = PBXFileReference; lastKnownFileType = sourcecode.cpp.cpp; path = Lab6_main.cpp; sourceTree = "<group>"; };
		924DA3051BA78CE300893A9C /* Lab6_driver.cpp */ = {isa = PBXFileReference; fileEncoding = 4; lastKnownFileType = sourcecode.cpp.cpp; path = Lab6_driver.cpp; sourceTree = "<group>"; };
		924DA3071BA78CF600893A9C /* Lab6.h */ = {isa = PBXFileReference; lastKnownFileType = sourcecode.c.h; path = Lab6.h; sourceTree = "<group>"; };
/* End PBXFileReference section */

/* Begin PBXFrameworksBuildPhase section */
		924DA2F81BA78CCF00893A9C /* Frameworks */ = {
			isa = PBXFrameworksBuildPhase;
			buildActionMask = 2147483647;
			files = (
			);
			runOnlyForDeploymentPostprocessing = 0;
		};
/* End PBXFrameworksBuildPhase section */

/* Begin PBXGroup section */
		924DA2F21BA78CCF00893A9C = {
			isa = PBXGroup;
			children = (
				924DA2FD1BA78CCF00893A9C /* Lab 6 Pointers */,
				924DA2FC1BA78CCF00893A9C /* Products */,
			);
			sourceTree = "<group>";
		};
		924DA2FC1BA78CCF00893A9C /* Products */ = {
			isa = PBXGroup;
			children = (
				924DA2FB1BA78CCF00893A9C /* Lab 6 Pointers */,
			);
			name = Products;
			sourceTree = "<group>";
		};
		924DA2FD1BA78CCF00893A9C /* Lab 6 Pointers */ = {
			isa = PBXGroup;
			children = (
				924DA2FE1BA78CCF00893A9C /* Lab6_main.cpp */,
				924DA3071BA78CF600893A9C /* Lab6.h */,
				924DA3051BA78CE300893A9C /* Lab6_driver.cpp */,
			);
			path = "Lab 6 Pointers";
			sourceTree = "<group>";
		};
/* End PBXGroup section */

/* Begin PBXNativeTarget section */
		924DA2FA1BA78CCF00893A9C /* Lab 6 Pointers */ = {
			isa = PBXNativeTarget;
			buildConfigurationList = 924DA3021BA78CCF00893A9C /* Build configuration list for PBXNativeTarget "Lab 6 Pointers" */;
			buildPhases = (
				924DA2F71BA78CCF00893A9C /* Sources */,
				924DA2F81BA78CCF00893A9C /* Frameworks */,
				924DA2F91BA78CCF00893A9C /* CopyFiles */,
			);
			buildRules = (
			);
			dependencies = (
			);
			name = "Lab 6 Pointers";
			productName = "Lab 6 Pointers";
			productReference = 924DA2FB1BA78CCF00893A9C /* Lab 6 Pointers */;
			productType = "com.apple.product-type.tool";
		};
/* End PBXNativeTarget section */

/* Begin PBXProject section */
		924DA2F31BA78CCF00893A9C /* Project object */ = {
			isa = PBXProject;
			attributes = {
				LastUpgradeCheck = 0640;
				ORGANIZATIONNAME = "Anthony Stanfel ";
				TargetAttributes = {
					924DA2FA1BA78CCF00893A9C = {
						CreatedOnToolsVersion = 6.4;
					};
				};
			};
			buildConfigurationList = 924DA2F61BA78CCF00893A9C /* Build configuration list for PBXProject "Lab 6 Pointers" */;
			compatibilityVersion = "Xcode 3.2";
			developmentRegion = English;
			hasScannedForEncodings = 0;
			knownRegions = (
				en,
			);
			mainGroup = 924DA2F21BA78CCF00893A9C;
			productRefGroup = 924DA2FC1BA78CCF00893A9C /* Products */;
			projectDirPath = "";
			projectRoot = "";
			targets = (
				924DA2FA1BA78CCF00893A9C /* Lab 6 Pointers */,
			);
		};
/* End PBXProject section */

/* Begin PBXSourcesBuildPhase section */
		924DA2F71BA78CCF00893A9C /* Sources */ = {
			isa = PBXSourcesBuildPhase;
			buildActionMask = 2147483647;
			files = (
				924DA3061BA78CE300893A9C /* Lab6_driver.cpp in Sources */,
				924DA2FF1BA78CCF00893A9C /* Lab6_main.cpp in Sources */,
			);
			runOnlyForDeploymentPostprocessing = 0;
		};
/* End PBXSourcesBuildPhase section */

/* Begin XCBuildConfiguration section */
		924DA3001BA78CCF00893A9C /* Debug */ = {
			isa = XCBuildConfiguration;
			buildSettings = {
				ALWAYS_SEARCH_USER_PATHS = NO;
				CLANG_CXX_LANGUAGE_STANDARD = "gnu++0x";
				CLANG_CXX_LIBRARY = "libc++";
				CLANG_ENABLE_MODULES = YES;
				CLANG_ENABLE_OBJC_ARC = YES;
				CLANG_WARN_BOOL_CONVERSION = YES;
				CLANG_WARN_CONSTANT_CONVERSION = YES;
				CLANG_WARN_DIRECT_OBJC_ISA_USAGE = YES_ERROR;
				CLANG_WARN_EMPTY_BODY = YES;
				CLANG_WARN_ENUM_CONVERSION = YES;
				CLANG_WARN_INT_CONVERSION = YES;
				CLANG_WARN_OBJC_ROOT_CLASS = YES_ERROR;
				CLANG_WARN_UNREACHABLE_CODE = YES;
				CLANG_WARN__DUPLICATE_METHOD_MATCH = YES;
				COPY_PHASE_STRIP = NO;
				DEBUG_INFORMATION_FORMAT = dwarf;
				ENABLE_STRICT_OBJC_MSGSEND = YES;
				GCC_C_LANGUAGE_STANDARD = gnu99;
				GCC_DYNAMIC_NO_PIC = NO;
				GCC_NO_COMMON_BLOCKS = YES;
				GCC_OPTIMIZATION_LEVEL = 0;
				GCC_PREPROCESSOR_DEFINITIONS = (
					"DEBUG=1",
					"$(inherited)",
				);
				GCC_SYMBOLS_PRIVATE_EXTERN = NO;
				GCC_WARN_64_TO_32_BIT_CONVERSION = YES;
				GCC_WARN_ABOUT_RETURN_TYPE = YES_ERROR;
				GCC_WARN_UNDECLARED_SELECTOR = YES;
				GCC_WARN_UNINITIALIZED_AUTOS = YES_AGGRESSIVE;
				GCC_WARN_UNUSED_FUNCTION = YES;
				GCC_WARN_UNUSED_VARIABLE = YES;
				MACOSX_DEPLOYMENT_TARGET = 10.10;
				MTL_ENABLE_DEBUG_INFO = YES;
				ONLY_ACTIVE_ARCH = YES;
				SDKROOT = macosx;
			};
			name = Debug;
		};
		924DA3011BA78CCF00893A9C /* Release */ = {
			isa = XCBuildConfiguration;
			buildSettings = {
				ALWAYS_SEARCH_USER_PATHS = NO;
				CLANG_CXX_LANGUAGE_STANDARD = "gnu++0x";
				CLANG_CXX_LIBRARY = "libc++";
				CLANG_ENABLE_MODULES = YES;
				CLANG_ENABLE_OBJC_ARC = YES;
				CLANG_WARN_BOOL_CONVERSION = YES;
				CLANG_WARN_CONSTANT_CONVERSION = YES;
				CLANG_WARN_DIRECT_OBJC_ISA_USAGE = YES_ERROR;
				CLANG_WARN_EMPTY_BODY = YES;
				CLANG_WARN_ENUM_CONVERSION = YES;
				CLANG_WARN_INT_CONVERSION = YES;
				CLANG_WARN_OBJC_ROOT_CLASS = YES_ERROR;
				CLANG_WARN_UNREACHABLE_CODE = YES;
				CLANG_WARN__DUPLICATE_METHOD_MATCH = YES;
				COPY_PHASE_STRIP = NO;
				DEBUG_INFORMATION_FORMAT = "dwarf-with-dsym";
				ENABLE_NS_ASSERTIONS = NO;
				ENABLE_STRICT_OBJC_MSGSEND = YES;
				GCC_C_LANGUAGE_STANDARD = gnu99;
				GCC_NO_COMMON_BLOCKS = YES;
				GCC_WARN_64_TO_32_BIT_CONVERSION = YES;
				GCC_WARN_ABOUT_RETURN_TYPE = YES_ERROR;
				GCC_WARN_UNDECLARED_SELECTOR = YES;
				GCC_WARN_UNINITIALIZED_AUTOS = YES_AGGRESSIVE;
				GCC_WARN_UNUSED_FUNCTION = YES;
				GCC_WARN_UNUSED_VARIABLE = YES;
				MACOSX_DEPLOYMENT_TARGET = 10.10;
				MTL_ENABLE_DEBUG_INFO = NO;
				SDKROOT = macosx;
			};
			name = Release;
		};
		924DA3031BA78CCF00893A9C /* Debug */ = {
			isa = XCBuildConfiguration;
			buildSettings = {
				PRODUCT_NAME = "$(TARGET_NAME)";
			};
			name = Debug;
		};
		924DA3041BA78CCF00893A9C /* Release */ = {
			isa = XCBuildConfiguration;
			buildSettings = {
				PRODUCT_NAME = "$(TARGET_NAME)";
			};
			name = Release;
		};
/* End XCBuildConfiguration section */

/* Begin XCConfigurationList section */
		924DA2F61BA78CCF00893A9C /* Build configuration list for PBXProject "Lab 6 Pointers" */ = {
			isa = XCConfigurationList;
			buildConfigurations = (
				924DA3001BA78CCF00893A9C /* Debug */,
				924DA3011BA78CCF00893A9C /* Release */,
			);
			defaultConfigurationIsVisible = 0;
			defaultConfigurationName = Release;
		};
		924DA3021BA78CCF00893A9C /* Build configuration list for PBXNativeTarget "Lab 6 Pointers" */ = {
			isa = XCConfigurationList;
			buildConfigurations = (
				924DA3031BA78CCF00893A9C /* Debug */,
				924DA3041BA78CCF00893A9C /* Release */,
			);
			defaultConfigurationIsVisible = 0;
		};
/* End XCConfigurationList section */
	};
	rootObject = 924DA2F31BA78CCF00893A9C /* Project object */;
}
